
Microsoft Visual Studio Solution File, Format Version 12.00
# Visual Studio Version 16
VisualStudioVersion = 16.0.30413.136
MinimumVisualStudioVersion = 10.0.40219.1
Project("{FAE04EC0-301F-11D3-BF4B-00C04F79EFBC}") = "TEMA2", "TEMA2\TEMA2.csproj", "{53E56023-AC05-4B6E-ADC3-310273D361F3}"
EndProject
Global
	GlobalSection(SolutionConfigurationPlatforms) = preSolution
		Debug|Any CPU = Debug|Any CPU
		Release|Any CPU = Release|Any CPU
	EndGlobalSection
	GlobalSection(ProjectConfigurationPlatforms) = postSolution
		{53E56023-AC05-4B6E-ADC3-310273D361F3}.Debug|Any CPU.ActiveCfg = Debug|Any CPU
		{53E56023-AC05-4B6E-ADC3-310273D361F3}.Debug|Any CPU.Build.0 = Debug|Any CPU
		{53E56023-AC05-4B6E-ADC3-310273D361F3}.Release|Any CPU.ActiveCfg = Release|Any CPU
		{53E56023-AC05-4B6E-ADC3-310273D361F3}.Release|Any CPU.Build.0 = Release|Any CPU
	EndGlobalSection
	GlobalSection(SolutionProperties) = preSolution
		HideSolutionNode = FALSE
	EndGlobalSection
	GlobalSection(ExtensibilityGlobals) = postSolution
		SolutionGuid = {2C2CCDBD-DDDF-4E5F-9512-9A462D184B41}
	EndGlobalSection
EndGlobal
